
Microsoft Visual Studio Solution File, Format Version 12.00
Project("{FAE04EC0-301F-11D3-BF4B-00C04F79EFBC}") = "DemoAPI", "DemoAPI\DemoAPI.csproj", "{065DCC55-871E-403B-868F-24C20086AB03}"
EndProject
Global
	GlobalSection(SolutionConfigurationPlatforms) = preSolution
		Debug|Any CPU = Debug|Any CPU
		Release|Any CPU = Release|Any CPU
	EndGlobalSection
	GlobalSection(ProjectConfigurationPlatforms) = postSolution
		{065DCC55-871E-403B-868F-24C20086AB03}.Debug|Any CPU.ActiveCfg = Debug|Any CPU
		{065DCC55-871E-403B-868F-24C20086AB03}.Debug|Any CPU.Build.0 = Debug|Any CPU
		{065DCC55-871E-403B-868F-24C20086AB03}.Release|Any CPU.ActiveCfg = Release|Any CPU
		{065DCC55-871E-403B-868F-24C20086AB03}.Release|Any CPU.Build.0 = Release|Any CPU
	EndGlobalSection
EndGlobal
